
Microsoft Visual Studio Solution File, Format Version 12.00
# Visual Studio Version 17
VisualStudioVersion = 17.0.31903.59
MinimumVisualStudioVersion = 10.0.40219.1
Project("{2150E333-8FDC-42A3-9474-1A3956D46DE8}") = "src", "src", "{827E0CD3-B72D-47B6-A68D-7590B98EB39B}"
EndProject
Project("{FAE04EC0-301F-11D3-BF4B-00C04F79EFBC}") = "TrailMealsPlanner.Domain", "src\TrailMealsPlanner.Domain\TrailMealsPlanner.Domain.csproj", "{0A5E4939-3601-4276-BABF-9007E978B975}"
EndProject
Project("{FAE04EC0-301F-11D3-BF4B-00C04F79EFBC}") = "TrailMealsPlanner.Application", "src\TrailMealsPlanner.Application\TrailMealsPlanner.Application.csproj", "{8ACA29C0-BD44-496A-B609-918A0899D94F}"
EndProject
Project("{FAE04EC0-301F-11D3-BF4B-00C04F79EFBC}") = "TrailMealsPlanner.Contracts", "src\TrailMealsPlanner.Contracts\TrailMealsPlanner.Contracts.csproj", "{D76A5E8A-A42C-4F61-BB2F-501900E6E2F3}"
EndProject
Project("{FAE04EC0-301F-11D3-BF4B-00C04F79EFBC}") = "TrailMealsPlanner.Infrastructure", "src\TrailMealsPlanner.Infrastructure\TrailMealsPlanner.Infrastructure.csproj", "{9F59E59B-6ECF-41D0-A265-764AC6574077}"
EndProject
Project("{FAE04EC0-301F-11D3-BF4B-00C04F79EFBC}") = "TrailMealsPlanner.API", "src\TrailMealsPlanner.API\TrailMealsPlanner.API.csproj", "{5F7ABD2B-92F9-47AE-BEE7-9A1ABC7A474F}"
EndProject
Project("{FAE04EC0-301F-11D3-BF4B-00C04F79EFBC}") = "TrailMealsPlanner.Desktop", "src\TrailMealsPlanner.Desktop\TrailMealsPlanner.Desktop.csproj", "{751E5567-08FF-481A-9560-D9FE7AF391CD}"
EndProject
Project("{2150E333-8FDC-42A3-9474-1A3956D46DE8}") = "tests", "tests", "{0AB3BF05-4346-4AA6-1389-037BE0695223}"
EndProject
Project("{FAE04EC0-301F-11D3-BF4B-00C04F79EFBC}") = "TrailMealsPlanner.Domain.Tests", "tests\TrailMealsPlanner.Domain.Tests\TrailMealsPlanner.Domain.Tests.csproj", "{A36B2265-3419-4D39-867C-DD63EA38539C}"
EndProject
Project("{FAE04EC0-301F-11D3-BF4B-00C04F79EFBC}") = "TrailMealsPlanner.Application.Tests", "tests\TrailMealsPlanner.Application.Tests\TrailMealsPlanner.Application.Tests.csproj", "{8D9495D0-210A-499E-8267-68301F42774E}"
EndProject
Project("{FAE04EC0-301F-11D3-BF4B-00C04F79EFBC}") = "TrailMealsPlanner.Infrastructure.Tests", "tests\TrailMealsPlanner.Infrastructure.Tests\TrailMealsPlanner.Infrastructure.Tests.csproj", "{98FE8A86-5A1E-4DBF-B75E-4B9E8B16C2D3}"
EndProject
Project("{FAE04EC0-301F-11D3-BF4B-00C04F79EFBC}") = "TrailMealsPlanner.API.Tests", "tests\TrailMealsPlanner.API.Tests\TrailMealsPlanner.API.Tests.csproj", "{E1337B73-FEDD-45C7-AB06-21920B626B23}"
EndProject
Global
	GlobalSection(SolutionConfigurationPlatforms) = preSolution
		Debug|Any CPU = Debug|Any CPU
		Debug|x64 = Debug|x64
		Debug|x86 = Debug|x86
		Release|Any CPU = Release|Any CPU
		Release|x64 = Release|x64
		Release|x86 = Release|x86
	EndGlobalSection
	GlobalSection(ProjectConfigurationPlatforms) = postSolution
		{0A5E4939-3601-4276-BABF-9007E978B975}.Debug|Any CPU.ActiveCfg = Debug|Any CPU
		{0A5E4939-3601-4276-BABF-9007E978B975}.Debug|Any CPU.Build.0 = Debug|Any CPU
		{0A5E4939-3601-4276-BABF-9007E978B975}.Debug|x64.ActiveCfg = Debug|Any CPU
		{0A5E4939-3601-4276-BABF-9007E978B975}.Debug|x64.Build.0 = Debug|Any CPU
		{0A5E4939-3601-4276-BABF-9007E978B975}.Debug|x86.ActiveCfg = Debug|Any CPU
		{0A5E4939-3601-4276-BABF-9007E978B975}.Debug|x86.Build.0 = Debug|Any CPU
		{0A5E4939-3601-4276-BABF-9007E978B975}.Release|Any CPU.ActiveCfg = Release|Any CPU
		{0A5E4939-3601-4276-BABF-9007E978B975}.Release|Any CPU.Build.0 = Release|Any CPU
		{0A5E4939-3601-4276-BABF-9007E978B975}.Release|x64.ActiveCfg = Release|Any CPU
		{0A5E4939-3601-4276-BABF-9007E978B975}.Release|x64.Build.0 = Release|Any CPU
		{0A5E4939-3601-4276-BABF-9007E978B975}.Release|x86.ActiveCfg = Release|Any CPU
		{0A5E4939-3601-4276-BABF-9007E978B975}.Release|x86.Build.0 = Release|Any CPU
		{8ACA29C0-BD44-496A-B609-918A0899D94F}.Debug|Any CPU.ActiveCfg = Debug|Any CPU
		{8ACA29C0-BD44-496A-B609-918A0899D94F}.Debug|Any CPU.Build.0 = Debug|Any CPU
		{8ACA29C0-BD44-496A-B609-918A0899D94F}.Debug|x64.ActiveCfg = Debug|Any CPU
		{8ACA29C0-BD44-496A-B609-918A0899D94F}.Debug|x64.Build.0 = Debug|Any CPU
		{8ACA29C0-BD44-496A-B609-918A0899D94F}.Debug|x86.ActiveCfg = Debug|Any CPU
		{8ACA29C0-BD44-496A-B609-918A0899D94F}.Debug|x86.Build.0 = Debug|Any CPU
		{8ACA29C0-BD44-496A-B609-918A0899D94F}.Release|Any CPU.ActiveCfg = Release|Any CPU
		{8ACA29C0-BD44-496A-B609-918A0899D94F}.Release|Any CPU.Build.0 = Release|Any CPU
		{8ACA29C0-BD44-496A-B609-918A0899D94F}.Release|x64.ActiveCfg = Release|Any CPU
		{8ACA29C0-BD44-496A-B609-918A0899D94F}.Release|x64.Build.0 = Release|Any CPU
		{8ACA29C0-BD44-496A-B609-918A0899D94F}.Release|x86.ActiveCfg = Release|Any CPU
		{8ACA29C0-BD44-496A-B609-918A0899D94F}.Release|x86.Build.0 = Release|Any CPU
		{D76A5E8A-A42C-4F61-BB2F-501900E6E2F3}.Debug|Any CPU.ActiveCfg = Debug|Any CPU
		{D76A5E8A-A42C-4F61-BB2F-501900E6E2F3}.Debug|Any CPU.Build.0 = Debug|Any CPU
		{D76A5E8A-A42C-4F61-BB2F-501900E6E2F3}.Debug|x64.ActiveCfg = Debug|Any CPU
		{D76A5E8A-A42C-4F61-BB2F-501900E6E2F3}.Debug|x64.Build.0 = Debug|Any CPU
		{D76A5E8A-A42C-4F61-BB2F-501900E6E2F3}.Debug|x86.ActiveCfg = Debug|Any CPU
		{D76A5E8A-A42C-4F61-BB2F-501900E6E2F3}.Debug|x86.Build.0 = Debug|Any CPU
		{D76A5E8A-A42C-4F61-BB2F-501900E6E2F3}.Release|Any CPU.ActiveCfg = Release|Any CPU
		{D76A5E8A-A42C-4F61-BB2F-501900E6E2F3}.Release|Any CPU.Build.0 = Release|Any CPU
		{D76A5E8A-A42C-4F61-BB2F-501900E6E2F3}.Release|x64.ActiveCfg = Release|Any CPU
		{D76A5E8A-A42C-4F61-BB2F-501900E6E2F3}.Release|x64.Build.0 = Release|Any CPU
		{D76A5E8A-A42C-4F61-BB2F-501900E6E2F3}.Release|x86.ActiveCfg = Release|Any CPU
		{D76A5E8A-A42C-4F61-BB2F-501900E6E2F3}.Release|x86.Build.0 = Release|Any CPU
		{9F59E59B-6ECF-41D0-A265-764AC6574077}.Debug|Any CPU.ActiveCfg = Debug|Any CPU
		{9F59E59B-6ECF-41D0-A265-764AC6574077}.Debug|Any CPU.Build.0 = Debug|Any CPU
		{9F59E59B-6ECF-41D0-A265-764AC6574077}.Debug|x64.ActiveCfg = Debug|Any CPU
		{9F59E59B-6ECF-41D0-A265-764AC6574077}.Debug|x64.Build.0 = Debug|Any CPU
		{9F59E59B-6ECF-41D0-A265-764AC6574077}.Debug|x86.ActiveCfg = Debug|Any CPU
		{9F59E59B-6ECF-41D0-A265-764AC6574077}.Debug|x86.Build.0 = Debug|Any CPU
		{9F59E59B-6ECF-41D0-A265-764AC6574077}.Release|Any CPU.ActiveCfg = Release|Any CPU
		{9F59E59B-6ECF-41D0-A265-764AC6574077}.Release|Any CPU.Build.0 = Release|Any CPU
		{9F59E59B-6ECF-41D0-A265-764AC6574077}.Release|x64.ActiveCfg = Release|Any CPU
		{9F59E59B-6ECF-41D0-A265-764AC6574077}.Release|x64.Build.0 = Release|Any CPU
		{9F59E59B-6ECF-41D0-A265-764AC6574077}.Release|x86.ActiveCfg = Release|Any CPU
		{9F59E59B-6ECF-41D0-A265-764AC6574077}.Release|x86.Build.0 = Release|Any CPU
		{5F7ABD2B-92F9-47AE-BEE7-9A1ABC7A474F}.Debug|Any CPU.ActiveCfg = Debug|Any CPU
		{5F7ABD2B-92F9-47AE-BEE7-9A1ABC7A474F}.Debug|Any CPU.Build.0 = Debug|Any CPU
		{5F7ABD2B-92F9-47AE-BEE7-9A1ABC7A474F}.Debug|x64.ActiveCfg = Debug|Any CPU
		{5F7ABD2B-92F9-47AE-BEE7-9A1ABC7A474F}.Debug|x64.Build.0 = Debug|Any CPU
		{5F7ABD2B-92F9-47AE-BEE7-9A1ABC7A474F}.Debug|x86.ActiveCfg = Debug|Any CPU
		{5F7ABD2B-92F9-47AE-BEE7-9A1ABC7A474F}.Debug|x86.Build.0 = Debug|Any CPU
		{5F7ABD2B-92F9-47AE-BEE7-9A1ABC7A474F}.Release|Any CPU.ActiveCfg = Release|Any CPU
		{5F7ABD2B-92F9-47AE-BEE7-9A1ABC7A474F}.Release|Any CPU.Build.0 = Release|Any CPU
		{5F7ABD2B-92F9-47AE-BEE7-9A1ABC7A474F}.Release|x64.ActiveCfg = Release|Any CPU
		{5F7ABD2B-92F9-47AE-BEE7-9A1ABC7A474F}.Release|x64.Build.0 = Release|Any CPU
		{5F7ABD2B-92F9-47AE-BEE7-9A1ABC7A474F}.Release|x86.ActiveCfg = Release|Any CPU
		{5F7ABD2B-92F9-47AE-BEE7-9A1ABC7A474F}.Release|x86.Build.0 = Release|Any CPU
		{751E5567-08FF-481A-9560-D9FE7AF391CD}.Debug|Any CPU.ActiveCfg = Debug|Any CPU
		{751E5567-08FF-481A-9560-D9FE7AF391CD}.Debug|Any CPU.Build.0 = Debug|Any CPU
		{751E5567-08FF-481A-9560-D9FE7AF391CD}.Debug|x64.ActiveCfg = Debug|Any CPU
		{751E5567-08FF-481A-9560-D9FE7AF391CD}.Debug|x64.Build.0 = Debug|Any CPU
		{751E5567-08FF-481A-9560-D9FE7AF391CD}.Debug|x86.ActiveCfg = Debug|Any CPU
		{751E5567-08FF-481A-9560-D9FE7AF391CD}.Debug|x86.Build.0 = Debug|Any CPU
		{751E5567-08FF-481A-9560-D9FE7AF391CD}.Release|Any CPU.ActiveCfg = Release|Any CPU
		{751E5567-08FF-481A-9560-D9FE7AF391CD}.Release|Any CPU.Build.0 = Release|Any CPU
		{751E5567-08FF-481A-9560-D9FE7AF391CD}.Release|x64.ActiveCfg = Release|Any CPU
		{751E5567-08FF-481A-9560-D9FE7AF391CD}.Release|x64.Build.0 = Release|Any CPU
		{751E5567-08FF-481A-9560-D9FE7AF391CD}.Release|x86.ActiveCfg = Release|Any CPU
		{751E5567-08FF-481A-9560-D9FE7AF391CD}.Release|x86.Build.0 = Release|Any CPU
		{A36B2265-3419-4D39-867C-DD63EA38539C}.Debug|Any CPU.ActiveCfg = Debug|Any CPU
		{A36B2265-3419-4D39-867C-DD63EA38539C}.Debug|Any CPU.Build.0 = Debug|Any CPU
		{A36B2265-3419-4D39-867C-DD63EA38539C}.Debug|x64.ActiveCfg = Debug|Any CPU
		{A36B2265-3419-4D39-867C-DD63EA38539C}.Debug|x64.Build.0 = Debug|Any CPU
		{A36B2265-3419-4D39-867C-DD63EA38539C}.Debug|x86.ActiveCfg = Debug|Any CPU
		{A36B2265-3419-4D39-867C-DD63EA38539C}.Debug|x86.Build.0 = Debug|Any CPU
		{A36B2265-3419-4D39-867C-DD63EA38539C}.Release|Any CPU.ActiveCfg = Release|Any CPU
		{A36B2265-3419-4D39-867C-DD63EA38539C}.Release|Any CPU.Build.0 = Release|Any CPU
		{A36B2265-3419-4D39-867C-DD63EA38539C}.Release|x64.ActiveCfg = Release|Any CPU
		{A36B2265-3419-4D39-867C-DD63EA38539C}.Release|x64.Build.0 = Release|Any CPU
		{A36B2265-3419-4D39-867C-DD63EA38539C}.Release|x86.ActiveCfg = Release|Any CPU
		{A36B2265-3419-4D39-867C-DD63EA38539C}.Release|x86.Build.0 = Release|Any CPU
		{8D9495D0-210A-499E-8267-68301F42774E}.Debug|Any CPU.ActiveCfg = Debug|Any CPU
		{8D9495D0-210A-499E-8267-68301F42774E}.Debug|Any CPU.Build.0 = Debug|Any CPU
		{8D9495D0-210A-499E-8267-68301F42774E}.Debug|x64.ActiveCfg = Debug|Any CPU
		{8D9495D0-210A-499E-8267-68301F42774E}.Debug|x64.Build.0 = Debug|Any CPU
		{8D9495D0-210A-499E-8267-68301F42774E}.Debug|x86.ActiveCfg = Debug|Any CPU
		{8D9495D0-210A-499E-8267-68301F42774E}.Debug|x86.Build.0 = Debug|Any CPU
		{8D9495D0-210A-499E-8267-68301F42774E}.Release|Any CPU.ActiveCfg = Release|Any CPU
		{8D9495D0-210A-499E-8267-68301F42774E}.Release|Any CPU.Build.0 = Release|Any CPU
		{8D9495D0-210A-499E-8267-68301F42774E}.Release|x64.ActiveCfg = Release|Any CPU
		{8D9495D0-210A-499E-8267-68301F42774E}.Release|x64.Build.0 = Release|Any CPU
		{8D9495D0-210A-499E-8267-68301F42774E}.Release|x86.ActiveCfg = Release|Any CPU
		{8D9495D0-210A-499E-8267-68301F42774E}.Release|x86.Build.0 = Release|Any CPU
		{98FE8A86-5A1E-4DBF-B75E-4B9E8B16C2D3}.Debug|Any CPU.ActiveCfg = Debug|Any CPU
		{98FE8A86-5A1E-4DBF-B75E-4B9E8B16C2D3}.Debug|Any CPU.Build.0 = Debug|Any CPU
		{98FE8A86-5A1E-4DBF-B75E-4B9E8B16C2D3}.Debug|x64.ActiveCfg = Debug|Any CPU
		{98FE8A86-5A1E-4DBF-B75E-4B9E8B16C2D3}.Debug|x64.Build.0 = Debug|Any CPU
		{98FE8A86-5A1E-4DBF-B75E-4B9E8B16C2D3}.Debug|x86.ActiveCfg = Debug|Any CPU
		{98FE8A86-5A1E-4DBF-B75E-4B9E8B16C2D3}.Debug|x86.Build.0 = Debug|Any CPU
		{98FE8A86-5A1E-4DBF-B75E-4B9E8B16C2D3}.Release|Any CPU.ActiveCfg = Release|Any CPU
		{98FE8A86-5A1E-4DBF-B75E-4B9E8B16C2D3}.Release|Any CPU.Build.0 = Release|Any CPU
		{98FE8A86-5A1E-4DBF-B75E-4B9E8B16C2D3}.Release|x64.ActiveCfg = Release|Any CPU
		{98FE8A86-5A1E-4DBF-B75E-4B9E8B16C2D3}.Release|x64.Build.0 = Release|Any CPU
		{98FE8A86-5A1E-4DBF-B75E-4B9E8B16C2D3}.Release|x86.ActiveCfg = Release|Any CPU
		{98FE8A86-5A1E-4DBF-B75E-4B9E8B16C2D3}.Release|x86.Build.0 = Release|Any CPU
		{E1337B73-FEDD-45C7-AB06-21920B626B23}.Debug|Any CPU.ActiveCfg = Debug|Any CPU
		{E1337B73-FEDD-45C7-AB06-21920B626B23}.Debug|Any CPU.Build.0 = Debug|Any CPU
		{E1337B73-FEDD-45C7-AB06-21920B626B23}.Debug|x64.ActiveCfg = Debug|Any CPU
		{E1337B73-FEDD-45C7-AB06-21920B626B23}.Debug|x64.Build.0 = Debug|Any CPU
		{E1337B73-FEDD-45C7-AB06-21920B626B23}.Debug|x86.ActiveCfg = Debug|Any CPU
		{E1337B73-FEDD-45C7-AB06-21920B626B23}.Debug|x86.Build.0 = Debug|Any CPU
		{E1337B73-FEDD-45C7-AB06-21920B626B23}.Release|Any CPU.ActiveCfg = Release|Any CPU
		{E1337B73-FEDD-45C7-AB06-21920B626B23}.Release|Any CPU.Build.0 = Release|Any CPU
		{E1337B73-FEDD-45C7-AB06-21920B626B23}.Release|x64.ActiveCfg = Release|Any CPU
		{E1337B73-FEDD-45C7-AB06-21920B626B23}.Release|x64.Build.0 = Release|Any CPU
		{E1337B73-FEDD-45C7-AB06-21920B626B23}.Release|x86.ActiveCfg = Release|Any CPU
		{E1337B73-FEDD-45C7-AB06-21920B626B23}.Release|x86.Build.0 = Release|Any CPU
	EndGlobalSection
	GlobalSection(SolutionProperties) = preSolution
		HideSolutionNode = FALSE
	EndGlobalSection
	GlobalSection(NestedProjects) = preSolution
		{0A5E4939-3601-4276-BABF-9007E978B975} = {827E0CD3-B72D-47B6-A68D-7590B98EB39B}
		{8ACA29C0-BD44-496A-B609-918A0899D94F} = {827E0CD3-B72D-47B6-A68D-7590B98EB39B}
		{D76A5E8A-A42C-4F61-BB2F-501900E6E2F3} = {827E0CD3-B72D-47B6-A68D-7590B98EB39B}
		{9F59E59B-6ECF-41D0-A265-764AC6574077} = {827E0CD3-B72D-47B6-A68D-7590B98EB39B}
		{5F7ABD2B-92F9-47AE-BEE7-9A1ABC7A474F} = {827E0CD3-B72D-47B6-A68D-7590B98EB39B}
		{751E5567-08FF-481A-9560-D9FE7AF391CD} = {827E0CD3-B72D-47B6-A68D-7590B98EB39B}
		{A36B2265-3419-4D39-867C-DD63EA38539C} = {0AB3BF05-4346-4AA6-1389-037BE0695223}
		{8D9495D0-210A-499E-8267-68301F42774E} = {0AB3BF05-4346-4AA6-1389-037BE0695223}
		{98FE8A86-5A1E-4DBF-B75E-4B9E8B16C2D3} = {0AB3BF05-4346-4AA6-1389-037BE0695223}
		{E1337B73-FEDD-45C7-AB06-21920B626B23} = {0AB3BF05-4346-4AA6-1389-037BE0695223}
	EndGlobalSection
EndGlobal
